<?xml version="1.0" encoding="utf-8"?>
<Project ToolsVersion="4.0" xmlns="http://schemas.microsoft.com/developer/msbuild/2003">
  <ItemGroup>
    <ClCompile Include="Application.cpp">
      <Filter>Source</Filter>
    </ClCompile>
    <ClCompile Include="Drawable.cpp">
      <Filter>Source</Filter>
    </ClCompile>
    <ClCompile Include="glad.c">
      <Filter>Source</Filter>
    </ClCompile>
    <ClCompile Include="IndexBuffer.cpp">
      <Filter>Source</Filter>
    </ClCompile>
    <ClCompile Include="Renderer.cpp">
      <Filter>Source</Filter>
    </ClCompile>
    <ClCompile Include="Shader.cpp">
      <Filter>Source</Filter>
    </ClCompile>
    <ClCompile Include="VertexArray.cpp">
      <Filter>Source</Filter>
    </ClCompile>
    <ClCompile Include="VertexBuffer.cpp">
      <Filter>Source</Filter>
    </ClCompile>
    <ClCompile Include="Platform.cpp">
      <Filter>Source</Filter>
    </ClCompile>
    <ClCompile Include="Vendor\stb_image.cpp">
      <Filter>Vendor</Filter>
    </ClCompile>
    <ClCompile Include="Texture.cpp">
      <Filter>Source</Filter>
    </ClCompile>
    <ClCompile Include="Matrix.cpp">
      <Filter>Source</Filter>
    </ClCompile>
    <ClCompile Include="Drawable_Indexed.cpp">
      <Filter>Source</Filter>
    </ClCompile>
    <ClCompile Include="Transform.cpp">
      <Filter>Source</Filter>
    </ClCompile>
    <ClCompile Include="Math.cpp">
      <Filter>Source</Filter>
    </ClCompile>
    <ClCompile Include="Test\Test_ClearColor.cpp">
      <Filter>Test</Filter>
    </ClCompile>
    <ClCompile Include="Test\Test_Transform_2Cubes.cpp">
      <Filter>Test</Filter>
    </ClCompile>
    <ClCompile Include="Vendor\imgui.cpp">
      <Filter>Vendor</Filter>
    </ClCompile>
    <ClCompile Include="Vendor\imgui_demo.cpp">
      <Filter>Vendor</Filter>
    </ClCompile>
    <ClCompile Include="Vendor\imgui_draw.cpp">
      <Filter>Vendor</Filter>
    </ClCompile>
    <ClCompile Include="Vendor\imgui_impl_glfw.cpp">
      <Filter>Vendor</Filter>
    </ClCompile>
    <ClCompile Include="Vendor\imgui_tables.cpp">
      <Filter>Vendor</Filter>
    </ClCompile>
    <ClCompile Include="Vendor\imgui_widgets.cpp">
      <Filter>Vendor</Filter>
    </ClCompile>
    <ClCompile Include="Test\Test_ImGui.cpp">
      <Filter>Test</Filter>
    </ClCompile>
    <ClCompile Include="Vendor\imgui_impl_opengl3.cpp">
      <Filter>Vendor</Filter>
    </ClCompile>
    <ClCompile Include="ImGuiSetup.cpp">
      <Filter>Source</Filter>
    </ClCompile>
    <ClCompile Include="Test\Test_Menu.cpp">
      <Filter>Test</Filter>
    </ClCompile>
    <ClCompile Include="Test\Test_Camera_LookAt.cpp">
      <Filter>Test</Filter>
    </ClCompile>
    <ClCompile Include="ImGuiUtility.cpp">
      <Filter>Source</Filter>
    </ClCompile>
    <ClCompile Include="Camera.cpp">
      <Filter>Source</Filter>
    </ClCompile>
    <ClCompile Include="Test\Test_Camera_WalkAround.cpp">
      <Filter>Test</Filter>
    </ClCompile>
    <ClCompile Include="CameraController_Flight.cpp">
      <Filter>Source</Filter>
    </ClCompile>
    <ClCompile Include="Log_ImGui.cpp">
      <Filter>Source</Filter>
    </ClCompile>
    <ClCompile Include="Material.cpp">
      <Filter>Source</Filter>
    </ClCompile>
  </ItemGroup>
  <ItemGroup>
    <ClInclude Include="Color.hpp">
      <Filter>Header</Filter>
    </ClInclude>
    <ClInclude Include="Drawable.h">
      <Filter>Header</Filter>
    </ClInclude>
    <ClInclude Include="Graphics.h">
      <Filter>Header</Filter>
    </ClInclude>
    <ClInclude Include="IndexBuffer.h">
      <Filter>Header</Filter>
    </ClInclude>
    <ClInclude Include="Renderer.h">
      <Filter>Header</Filter>
    </ClInclude>
    <ClInclude Include="Shader.h">
      <Filter>Header</Filter>
    </ClInclude>
    <ClInclude Include="Vector.hpp">
      <Filter>Header</Filter>
    </ClInclude>
    <ClInclude Include="VertexArray.h">
      <Filter>Header</Filter>
    </ClInclude>
    <ClInclude Include="VertexBuffer.h">
      <Filter>Header</Filter>
    </ClInclude>
    <ClInclude Include="VertexBufferLayout.h">
      <Filter>Header</Filter>
    </ClInclude>
    <ClInclude Include="Platform.h">
      <Filter>Header</Filter>
    </ClInclude>
    <ClInclude Include="Vendor\stb_image.h">
      <Filter>Vendor</Filter>
    </ClInclude>
    <ClInclude Include="Texture.h">
      <Filter>Header</Filter>
    </ClInclude>
    <ClInclude Include="Utility.hpp">
      <Filter>Header</Filter>
    </ClInclude>
    <ClInclude Include="Matrix.hpp">
      <Filter>Header</Filter>
    </ClInclude>
    <ClInclude Include="Log.h">
      <Filter>Header</Filter>
    </ClInclude>
    <ClInclude Include="Drawable_Indexed.h">
      <Filter>Header</Filter>
    </ClInclude>
    <ClInclude Include="Constants.h">
      <Filter>Header</Filter>
    </ClInclude>
    <ClInclude Include="Matrix.h">
      <Filter>Header</Filter>
    </ClInclude>
    <ClInclude Include="Transform.h">
      <Filter>Header</Filter>
    </ClInclude>
    <ClInclude Include="Assert.h">
      <Filter>Header</Filter>
    </ClInclude>
    <ClInclude Include="Math.h">
      <Filter>Header</Filter>
    </ClInclude>
    <ClInclude Include="Polar.hpp">
      <Filter>Header</Filter>
    </ClInclude>
    <ClInclude Include="Concepts.h">
      <Filter>Header</Filter>
    </ClInclude>
    <ClInclude Include="Initialization.h">
      <Filter>Header</Filter>
    </ClInclude>
    <ClInclude Include="Angle.hpp">
      <Filter>Header</Filter>
    </ClInclude>
    <ClInclude Include="Unit.h">
      <Filter>Header</Filter>
    </ClInclude>
    <ClInclude Include="Quaternion.hpp">
      <Filter>Header</Filter>
    </ClInclude>
    <ClInclude Include="TypeTraits.h">
      <Filter>Header</Filter>
    </ClInclude>
    <ClInclude Include="Test\Test.hpp">
      <Filter>Test</Filter>
    </ClInclude>
    <ClInclude Include="Test\Test_ClearColor.h">
      <Filter>Test</Filter>
    </ClInclude>
    <ClInclude Include="Test\Test_Transform_2Cubes.h">
      <Filter>Test</Filter>
    </ClInclude>
    <ClInclude Include="Vendor\imconfig.h">
      <Filter>Vendor</Filter>
    </ClInclude>
    <ClInclude Include="Vendor\imgui.h">
      <Filter>Vendor</Filter>
    </ClInclude>
    <ClInclude Include="Vendor\imgui_impl_glfw.h">
      <Filter>Vendor</Filter>
    </ClInclude>
    <ClInclude Include="Vendor\imgui_internal.h">
      <Filter>Vendor</Filter>
    </ClInclude>
    <ClInclude Include="Vendor\imstb_rectpack.h">
      <Filter>Vendor</Filter>
    </ClInclude>
    <ClInclude Include="Vendor\imstb_textedit.h">
      <Filter>Vendor</Filter>
    </ClInclude>
    <ClInclude Include="Vendor\imstb_truetype.h">
      <Filter>Vendor</Filter>
    </ClInclude>
    <ClInclude Include="Test\Test_ImGui.h">
      <Filter>Test</Filter>
    </ClInclude>
    <ClInclude Include="Vendor\imgui_impl_opengl3.h">
      <Filter>Vendor</Filter>
    </ClInclude>
    <ClInclude Include="ImGuiSetup.h">
      <Filter>Header</Filter>
    </ClInclude>
    <ClInclude Include="Vendor\imgui_impl_opengl3_loader.h">
      <Filter>Vendor</Filter>
    </ClInclude>
    <ClInclude Include="Test\Test_Menu.h">
      <Filter>Test</Filter>
    </ClInclude>
    <ClInclude Include="Test\Test_Camera_LookAt.h">
      <Filter>Test</Filter>
    </ClInclude>
    <ClInclude Include="ImGuiUtility.h">
      <Filter>Header</Filter>
    </ClInclude>
    <ClInclude Include="Camera.h">
      <Filter>Header</Filter>
    </ClInclude>
    <ClInclude Include="Test\Test_Camera_WalkAround.h">
      <Filter>Test</Filter>
    </ClInclude>
    <ClInclude Include="CameraController_Flight.h">
      <Filter>Header</Filter>
    </ClInclude>
    <ClInclude Include="Log_ImGui.h">
      <Filter>Header</Filter>
    </ClInclude>
    <ClInclude Include="ShaderTypeInformation.h">
      <Filter>Header</Filter>
    </ClInclude>
    <ClInclude Include="Material.h">
      <Filter>Header</Filter>
    </ClInclude>
    <ClInclude Include="ShaderUniformInformation.h">
      <Filter>Header</Filter>
    </ClInclude>
  </ItemGroup>
  <ItemGroup>
    <Filter Include="Source">
      <UniqueIdentifier>{a50ac61c-5b90-4a27-95fb-3735d314d72d}</UniqueIdentifier>
    </Filter>
    <Filter Include="Header">
      <UniqueIdentifier>{060f9dbf-5ac6-4d28-974e-c0240c6dfa30}</UniqueIdentifier>
    </Filter>
    <Filter Include="Asset">
      <UniqueIdentifier>{a1b93530-2050-4fa2-aece-a75f5aebefec}</UniqueIdentifier>
    </Filter>
    <Filter Include="Asset\Shader">
      <UniqueIdentifier>{f263e60e-24b7-4d15-b1d7-72e5cdeffdf2}</UniqueIdentifier>
    </Filter>
    <Filter Include="Asset\Texture">
      <UniqueIdentifier>{6c679216-0df1-4933-8ad1-2819e19582b2}</UniqueIdentifier>
    </Filter>
    <Filter Include="Vendor">
      <UniqueIdentifier>{dd826d64-cb3f-4e67-bb28-1989a4b0aa41}</UniqueIdentifier>
    </Filter>
    <Filter Include="_NatVis">
      <UniqueIdentifier>{85873892-b746-46ac-b611-01ae68eb7958}</UniqueIdentifier>
    </Filter>
    <Filter Include="Test">
      <UniqueIdentifier>{6c58545a-26d7-412a-bcaf-d72678147a90}</UniqueIdentifier>
    </Filter>
  </ItemGroup>
  <ItemGroup>
    <None Include="Asset\Shader\textured_mix.fragment">
      <Filter>Asset\Shader</Filter>
    </None>
    <None Include="Asset\Shader\textured_mix.vertex">
      <Filter>Asset\Shader</Filter>
    </None>
  </ItemGroup>
  <ItemGroup>
    <Image Include="Asset\Texture\container.jpg">
      <Filter>Asset\Texture</Filter>
    </Image>
    <Image Include="Asset\Texture\awesomeface.png">
      <Filter>Asset\Texture</Filter>
    </Image>
    <Image Include="Asset\Texture\test_tex_cube.png">
      <Filter>Asset\Texture</Filter>
    </Image>
  </ItemGroup>
  <ItemGroup>
    <Natvis Include="NatVis\Framework.natvis">
      <Filter>_NatVis</Filter>
    </Natvis>
  </ItemGroup>
</Project>